
Microsoft Visual Studio Solution File, Format Version 12.00
# Visual Studio Version 17
VisualStudioVersion = 17.6.33723.286
MinimumVisualStudioVersion = 10.0.40219.1
Project("{FAE04EC0-301F-11D3-BF4B-00C04F79EFBC}") = "WebApplication1", "WebApplication1\WebApplication1.csproj", "{388FA78D-736A-4B14-9601-5BE960F87BA8}"
EndProject
Global
	GlobalSection(SolutionConfigurationPlatforms) = preSolution
		Debug|Any CPU = Debug|Any CPU
		Release|Any CPU = Release|Any CPU
	EndGlobalSection
	GlobalSection(ProjectConfigurationPlatforms) = postSolution
		{388FA78D-736A-4B14-9601-5BE960F87BA8}.Debug|Any CPU.ActiveCfg = Debug|Any CPU
		{388FA78D-736A-4B14-9601-5BE960F87BA8}.Debug|Any CPU.Build.0 = Debug|Any CPU
		{388FA78D-736A-4B14-9601-5BE960F87BA8}.Release|Any CPU.ActiveCfg = Release|Any CPU
		{388FA78D-736A-4B14-9601-5BE960F87BA8}.Release|Any CPU.Build.0 = Release|Any CPU
	EndGlobalSection
	GlobalSection(SolutionProperties) = preSolution
		HideSolutionNode = FALSE
	EndGlobalSection
	GlobalSection(ExtensibilityGlobals) = postSolution
		SolutionGuid = {F1C5D8E5-A935-4922-A0B8-1857B9728F28}
	EndGlobalSection
EndGlobal
